// !$*UTF8*$!
{
	archiveVersion = 1;
	classes = {
	};
	objectVersion = 46;
	objects = {

/* Begin PBXBuildFile section */
		1C7E803CE859B783202D687E /* Pods_mingo2.framework in Frameworks */ = {isa = PBXBuildFile; fileRef = 2B9C7E9CD554F64DB1CEC1CF /* Pods_mingo2.framework */; };
		3616EF3D06BB6F95929675C6 /* Pods_mingo2Tests.framework in Frameworks */ = {isa = PBXBuildFile; fileRef = 75E4FECDDB2F6A4DFD54C039 /* Pods_mingo2Tests.framework */; };
		59C8D9521E9F9A2300A20698 /* AppDelegate.swift in Sources */ = {isa = PBXBuildFile; fileRef = 59C8D9511E9F9A2300A20698 /* AppDelegate.swift */; };
		59C8D9541E9F9A2300A20698 /* ViewController.swift in Sources */ = {isa = PBXBuildFile; fileRef = 59C8D9531E9F9A2300A20698 /* ViewController.swift */; };
		59C8D9571E9F9A2300A20698 /* Main.storyboard in Resources */ = {isa = PBXBuildFile; fileRef = 59C8D9551E9F9A2300A20698 /* Main.storyboard */; };
		59C8D9591E9F9A2300A20698 /* Assets.xcassets in Resources */ = {isa = PBXBuildFile; fileRef = 59C8D9581E9F9A2300A20698 /* Assets.xcassets */; };
		59C8D95C1E9F9A2300A20698 /* LaunchScreen.storyboard in Resources */ = {isa = PBXBuildFile; fileRef = 59C8D95A1E9F9A2300A20698 /* LaunchScreen.storyboard */; };
		59C8D9671E9F9A2300A20698 /* mingo2Tests.swift in Sources */ = {isa = PBXBuildFile; fileRef = 59C8D9661E9F9A2300A20698 /* mingo2Tests.swift */; };
		59C8D9721E9F9A2300A20698 /* mingo2UITests.swift in Sources */ = {isa = PBXBuildFile; fileRef = 59C8D9711E9F9A2300A20698 /* mingo2UITests.swift */; };
		59C8D9801E9F9BF600A20698 /* GoogleService-Info.plist in Resources */ = {isa = PBXBuildFile; fileRef = 59C8D97F1E9F9BF600A20698 /* GoogleService-Info.plist */; };
		59C8D9821E9F9DA100A20698 /* LoginViewController.swift in Sources */ = {isa = PBXBuildFile; fileRef = 59C8D9811E9F9DA100A20698 /* LoginViewController.swift */; };
		59C8D9841EA0BB2800A20698 /* 36169834.jpeg in Resources */ = {isa = PBXBuildFile; fileRef = 59C8D9831EA0BB2800A20698 /* 36169834.jpeg */; };
		59C8D9861EA0C8AF00A20698 /* SettingViewController.swift in Sources */ = {isa = PBXBuildFile; fileRef = 59C8D9851EA0C8AF00A20698 /* SettingViewController.swift */; };
		59C8D9881EA0D15600A20698 /* EditViewController.swift in Sources */ = {isa = PBXBuildFile; fileRef = 59C8D9871EA0D15600A20698 /* EditViewController.swift */; };
		59C8D98A1EA0D7DF00A20698 /* SnsViewController.swift in Sources */ = {isa = PBXBuildFile; fileRef = 59C8D9891EA0D7DF00A20698 /* SnsViewController.swift */; };
		9FDA1293DA78347C4D5A10ED /* Pods_mingo2UITests.framework in Frameworks */ = {isa = PBXBuildFile; fileRef = 4A1B52047199CAB409AAEB7D /* Pods_mingo2UITests.framework */; };
/* End PBXBuildFile section */

/* Begin PBXContainerItemProxy section */
		59C8D9631E9F9A2300A20698 /* PBXContainerItemProxy */ = {
			isa = PBXContainerItemProxy;
			containerPortal = 59C8D9461E9F9A2300A20698 /* Project object */;
			proxyType = 1;
			remoteGlobalIDString = 59C8D94D1E9F9A2300A20698;
			remoteInfo = mingo2;
		};
		59C8D96E1E9F9A2300A20698 /* PBXContainerItemProxy */ = {
			isa = PBXContainerItemProxy;
			containerPortal = 59C8D9461E9F9A2300A20698 /* Project object */;
			proxyType = 1;
			remoteGlobalIDString = 59C8D94D1E9F9A2300A20698;
			remoteInfo = mingo2;
		};
/* End PBXContainerItemProxy section */

/* Begin PBXFileReference section */
		2B9C7E9CD554F64DB1CEC1CF /* Pods_mingo2.framework */ = {isa = PBXFileReference; explicitFileType = wrapper.framework; includeInIndex = 0; path = Pods_mingo2.framework; sourceTree = BUILT_PRODUCTS_DIR; };
		34680BE7DDDCC0D56EFBDBAD /* Pods-mingo2Tests.release.xcconfig */ = {isa = PBXFileReference; includeInIndex = 1; lastKnownFileType = text.xcconfig; name = "Pods-mingo2Tests.release.xcconfig"; path = "Pods/Target Support Files/Pods-mingo2Tests/Pods-mingo2Tests.release.xcconfig"; sourceTree = "<group>"; };
		4A1B52047199CAB409AAEB7D /* Pods_mingo2UITests.framework */ = {isa = PBXFileReference; explicitFileType = wrapper.framework; includeInIndex = 0; path = Pods_mingo2UITests.framework; sourceTree = BUILT_PRODUCTS_DIR; };
		4DBCD1B76FCF66F85AD72169 /* Pods-mingo2UITests.debug.xcconfig */ = {isa = PBXFileReference; includeInIndex = 1; lastKnownFileType = text.xcconfig; name = "Pods-mingo2UITests.debug.xcconfig"; path = "Pods/Target Support Files/Pods-mingo2UITests/Pods-mingo2UITests.debug.xcconfig"; sourceTree = "<group>"; };
		59C8D94E1E9F9A2300A20698 /* mingo2.app */ = {isa = PBXFileReference; explicitFileType = wrapper.application; includeInIndex = 0; path = mingo2.app; sourceTree = BUILT_PRODUCTS_DIR; };
		59C8D9511E9F9A2300A20698 /* AppDelegate.swift */ = {isa = PBXFileReference; lastKnownFileType = sourcecode.swift; path = AppDelegate.swift; sourceTree = "<group>"; };
		59C8D9531E9F9A2300A20698 /* ViewController.swift */ = {isa = PBXFileReference; lastKnownFileType = sourcecode.swift; path = ViewController.swift; sourceTree = "<group>"; };
		59C8D9561E9F9A2300A20698 /* Base */ = {isa = PBXFileReference; lastKnownFileType = file.storyboard; name = Base; path = Base.lproj/Main.storyboard; sourceTree = "<group>"; };
		59C8D9581E9F9A2300A20698 /* Assets.xcassets */ = {isa = PBXFileReference; lastKnownFileType = folder.assetcatalog; path = Assets.xcassets; sourceTree = "<group>"; };
		59C8D95B1E9F9A2300A20698 /* Base */ = {isa = PBXFileReference; lastKnownFileType = file.storyboard; name = Base; path = Base.lproj/LaunchScreen.storyboard; sourceTree = "<group>"; };
		59C8D95D1E9F9A2300A20698 /* Info.plist */ = {isa = PBXFileReference; lastKnownFileType = text.plist.xml; path = Info.plist; sourceTree = "<group>"; };
		59C8D9621E9F9A2300A20698 /* mingo2Tests.xctest */ = {isa = PBXFileReference; explicitFileType = wrapper.cfbundle; includeInIndex = 0; path = mingo2Tests.xctest; sourceTree = BUILT_PRODUCTS_DIR; };
		59C8D9661E9F9A2300A20698 /* mingo2Tests.swift */ = {isa = PBXFileReference; lastKnownFileType = sourcecode.swift; path = mingo2Tests.swift; sourceTree = "<group>"; };
		59C8D9681E9F9A2300A20698 /* Info.plist */ = {isa = PBXFileReference; lastKnownFileType = text.plist.xml; path = Info.plist; sourceTree = "<group>"; };
		59C8D96D1E9F9A2300A20698 /* mingo2UITests.xctest */ = {isa = PBXFileReference; explicitFileType = wrapper.cfbundle; includeInIndex = 0; path = mingo2UITests.xctest; sourceTree = BUILT_PRODUCTS_DIR; };
		59C8D9711E9F9A2300A20698 /* mingo2UITests.swift */ = {isa = PBXFileReference; lastKnownFileType = sourcecode.swift; path = mingo2UITests.swift; sourceTree = "<group>"; };
		59C8D9731E9F9A2300A20698 /* Info.plist */ = {isa = PBXFileReference; lastKnownFileType = text.plist.xml; path = Info.plist; sourceTree = "<group>"; };
		59C8D97F1E9F9BF600A20698 /* GoogleService-Info.plist */ = {isa = PBXFileReference; fileEncoding = 4; lastKnownFileType = text.plist.xml; path = "GoogleService-Info.plist"; sourceTree = "<group>"; };
		59C8D9811E9F9DA100A20698 /* LoginViewController.swift */ = {isa = PBXFileReference; fileEncoding = 4; lastKnownFileType = sourcecode.swift; path = LoginViewController.swift; sourceTree = "<group>"; };
		59C8D9831EA0BB2800A20698 /* 36169834.jpeg */ = {isa = PBXFileReference; lastKnownFileType = image.jpeg; path = 36169834.jpeg; sourceTree = "<group>"; };
		59C8D9851EA0C8AF00A20698 /* SettingViewController.swift */ = {isa = PBXFileReference; fileEncoding = 4; lastKnownFileType = sourcecode.swift; path = SettingViewController.swift; sourceTree = "<group>"; };
		59C8D9871EA0D15600A20698 /* EditViewController.swift */ = {isa = PBXFileReference; fileEncoding = 4; lastKnownFileType = sourcecode.swift; path = EditViewController.swift; sourceTree = "<group>"; };
		59C8D9891EA0D7DF00A20698 /* SnsViewController.swift */ = {isa = PBXFileReference; fileEncoding = 4; lastKnownFileType = sourcecode.swift; path = SnsViewController.swift; sourceTree = "<group>"; };
		75E4FECDDB2F6A4DFD54C039 /* Pods_mingo2Tests.framework */ = {isa = PBXFileReference; explicitFileType = wrapper.framework; includeInIndex = 0; path = Pods_mingo2Tests.framework; sourceTree = BUILT_PRODUCTS_DIR; };
		78EAD63D5985C04E1238F97A /* Pods-mingo2.release.xcconfig */ = {isa = PBXFileReference; includeInIndex = 1; lastKnownFileType = text.xcconfig; name = "Pods-mingo2.release.xcconfig"; path = "Pods/Target Support Files/Pods-mingo2/Pods-mingo2.release.xcconfig"; sourceTree = "<group>"; };
		A24DE53B021D6580793E7B99 /* Pods-mingo2.debug.xcconfig */ = {isa = PBXFileReference; includeInIndex = 1; lastKnownFileType = text.xcconfig; name = "Pods-mingo2.debug.xcconfig"; path = "Pods/Target Support Files/Pods-mingo2/Pods-mingo2.debug.xcconfig"; sourceTree = "<group>"; };
		A2668F5C62AE8C070520C070 /* Pods-mingo2Tests.debug.xcconfig */ = {isa = PBXFileReference; includeInIndex = 1; lastKnownFileType = text.xcconfig; name = "Pods-mingo2Tests.debug.xcconfig"; path = "Pods/Target Support Files/Pods-mingo2Tests/Pods-mingo2Tests.debug.xcconfig"; sourceTree = "<group>"; };
		BD2127FAE5B8AD2F42379322 /* Pods-mingo2UITests.release.xcconfig */ = {isa = PBXFileReference; includeInIndex = 1; lastKnownFileType = text.xcconfig; name = "Pods-mingo2UITests.release.xcconfig"; path = "Pods/Target Support Files/Pods-mingo2UITests/Pods-mingo2UITests.release.xcconfig"; sourceTree = "<group>"; };
/* End PBXFileReference section */

/* Begin PBXFrameworksBuildPhase section */
		59C8D94B1E9F9A2300A20698 /* Frameworks */ = {
			isa = PBXFrameworksBuildPhase;
			buildActionMask = 2147483647;
			files = (
				1C7E803CE859B783202D687E /* Pods_mingo2.framework in Frameworks */,
			);
			runOnlyForDeploymentPostprocessing = 0;
		};
		59C8D95F1E9F9A2300A20698 /* Frameworks */ = {
			isa = PBXFrameworksBuildPhase;
			buildActionMask = 2147483647;
			files = (
				3616EF3D06BB6F95929675C6 /* Pods_mingo2Tests.framework in Frameworks */,
			);
			runOnlyForDeploymentPostprocessing = 0;
		};
		59C8D96A1E9F9A2300A20698 /* Frameworks */ = {
			isa = PBXFrameworksBuildPhase;
			buildActionMask = 2147483647;
			files = (
				9FDA1293DA78347C4D5A10ED /* Pods_mingo2UITests.framework in Frameworks */,
			);
			runOnlyForDeploymentPostprocessing = 0;
		};
/* End PBXFrameworksBuildPhase section */

/* Begin PBXGroup section */
		570279529DAAF40C0895EC06 /* Pods */ = {
			isa = PBXGroup;
			children = (
				A24DE53B021D6580793E7B99 /* Pods-mingo2.debug.xcconfig */,
				78EAD63D5985C04E1238F97A /* Pods-mingo2.release.xcconfig */,
				A2668F5C62AE8C070520C070 /* Pods-mingo2Tests.debug.xcconfig */,
				34680BE7DDDCC0D56EFBDBAD /* Pods-mingo2Tests.release.xcconfig */,
				4DBCD1B76FCF66F85AD72169 /* Pods-mingo2UITests.debug.xcconfig */,
				BD2127FAE5B8AD2F42379322 /* Pods-mingo2UITests.release.xcconfig */,
			);
			name = Pods;
			sourceTree = "<group>";
		};
		59C8D9451E9F9A2300A20698 = {
			isa = PBXGroup;
			children = (
				59C8D9501E9F9A2300A20698 /* mingo2 */,
				59C8D9651E9F9A2300A20698 /* mingo2Tests */,
				59C8D9701E9F9A2300A20698 /* mingo2UITests */,
				59C8D94F1E9F9A2300A20698 /* Products */,
				570279529DAAF40C0895EC06 /* Pods */,
				EB2B8E438E30E263AD09EE87 /* Frameworks */,
			);
			sourceTree = "<group>";
		};
		59C8D94F1E9F9A2300A20698 /* Products */ = {
			isa = PBXGroup;
			children = (
				59C8D94E1E9F9A2300A20698 /* mingo2.app */,
				59C8D9621E9F9A2300A20698 /* mingo2Tests.xctest */,
				59C8D96D1E9F9A2300A20698 /* mingo2UITests.xctest */,
			);
			name = Products;
			sourceTree = "<group>";
		};
		59C8D9501E9F9A2300A20698 /* mingo2 */ = {
			isa = PBXGroup;
			children = (
				59C8D9511E9F9A2300A20698 /* AppDelegate.swift */,
				59C8D9531E9F9A2300A20698 /* ViewController.swift */,
				59C8D9551E9F9A2300A20698 /* Main.storyboard */,
				59C8D9581E9F9A2300A20698 /* Assets.xcassets */,
				59C8D95A1E9F9A2300A20698 /* LaunchScreen.storyboard */,
				59C8D95D1E9F9A2300A20698 /* Info.plist */,
				59C8D97F1E9F9BF600A20698 /* GoogleService-Info.plist */,
				59C8D9811E9F9DA100A20698 /* LoginViewController.swift */,
				59C8D9831EA0BB2800A20698 /* 36169834.jpeg */,
				59C8D9851EA0C8AF00A20698 /* SettingViewController.swift */,
				59C8D9871EA0D15600A20698 /* EditViewController.swift */,
				59C8D9891EA0D7DF00A20698 /* SnsViewController.swift */,
			);
			path = mingo2;
			sourceTree = "<group>";
		};
		59C8D9651E9F9A2300A20698 /* mingo2Tests */ = {
			isa = PBXGroup;
			children = (
				59C8D9661E9F9A2300A20698 /* mingo2Tests.swift */,
				59C8D9681E9F9A2300A20698 /* Info.plist */,
			);
			path = mingo2Tests;
			sourceTree = "<group>";
		};
		59C8D9701E9F9A2300A20698 /* mingo2UITests */ = {
			isa = PBXGroup;
			children = (
				59C8D9711E9F9A2300A20698 /* mingo2UITests.swift */,
				59C8D9731E9F9A2300A20698 /* Info.plist */,
			);
			path = mingo2UITests;
			sourceTree = "<group>";
		};
		EB2B8E438E30E263AD09EE87 /* Frameworks */ = {
			isa = PBXGroup;
			children = (
				2B9C7E9CD554F64DB1CEC1CF /* Pods_mingo2.framework */,
				75E4FECDDB2F6A4DFD54C039 /* Pods_mingo2Tests.framework */,
				4A1B52047199CAB409AAEB7D /* Pods_mingo2UITests.framework */,
			);
			name = Frameworks;
			sourceTree = "<group>";
		};
/* End PBXGroup section */

/* Begin PBXNativeTarget section */
		59C8D94D1E9F9A2300A20698 /* mingo2 */ = {
			isa = PBXNativeTarget;
			buildConfigurationList = 59C8D9761E9F9A2300A20698 /* Build configuration list for PBXNativeTarget "mingo2" */;
			buildPhases = (
				5B8F942D193C1449001D9ADF /* [CP] Check Pods Manifest.lock */,
				59C8D94A1E9F9A2300A20698 /* Sources */,
				59C8D94B1E9F9A2300A20698 /* Frameworks */,
				59C8D94C1E9F9A2300A20698 /* Resources */,
				5AD601E4AD93F281978EF182 /* [CP] Embed Pods Frameworks */,
				22A4421ECC8A60544D4E8D4C /* [CP] Copy Pods Resources */,
			);
			buildRules = (
			);
			dependencies = (
			);
			name = mingo2;
			productName = mingo2;
			productReference = 59C8D94E1E9F9A2300A20698 /* mingo2.app */;
			productType = "com.apple.product-type.application";
		};
		59C8D9611E9F9A2300A20698 /* mingo2Tests */ = {
			isa = PBXNativeTarget;
			buildConfigurationList = 59C8D9791E9F9A2300A20698 /* Build configuration list for PBXNativeTarget "mingo2Tests" */;
			buildPhases = (
				A00CBE02807288E22961C8DA /* [CP] Check Pods Manifest.lock */,
				59C8D95E1E9F9A2300A20698 /* Sources */,
				59C8D95F1E9F9A2300A20698 /* Frameworks */,
				59C8D9601E9F9A2300A20698 /* Resources */,
				9FF17949661270B70CF7A6E4 /* [CP] Embed Pods Frameworks */,
				C298DA7C481C9DF9DF12273B /* [CP] Copy Pods Resources */,
			);
			buildRules = (
			);
			dependencies = (
				59C8D9641E9F9A2300A20698 /* PBXTargetDependency */,
			);
			name = mingo2Tests;
			productName = mingo2Tests;
			productReference = 59C8D9621E9F9A2300A20698 /* mingo2Tests.xctest */;
			productType = "com.apple.product-type.bundle.unit-test";
		};
		59C8D96C1E9F9A2300A20698 /* mingo2UITests */ = {
			isa = PBXNativeTarget;
			buildConfigurationList = 59C8D97C1E9F9A2300A20698 /* Build configuration list for PBXNativeTarget "mingo2UITests" */;
			buildPhases = (
				13698047E9F3462F480081E1 /* [CP] Check Pods Manifest.lock */,
				59C8D9691E9F9A2300A20698 /* Sources */,
				59C8D96A1E9F9A2300A20698 /* Frameworks */,
				59C8D96B1E9F9A2300A20698 /* Resources */,
				5FBF857840B98BD73AC47979 /* [CP] Embed Pods Frameworks */,
				D12D49FA3645301E42CFB946 /* [CP] Copy Pods Resources */,
			);
			buildRules = (
			);
			dependencies = (
				59C8D96F1E9F9A2300A20698 /* PBXTargetDependency */,
			);
			name = mingo2UITests;
			productName = mingo2UITests;
			productReference = 59C8D96D1E9F9A2300A20698 /* mingo2UITests.xctest */;
			productType = "com.apple.product-type.bundle.ui-testing";
		};
/* End PBXNativeTarget section */

/* Begin PBXProject section */
		59C8D9461E9F9A2300A20698 /* Project object */ = {
			isa = PBXProject;
			attributes = {
				LastSwiftUpdateCheck = 0820;
				LastUpgradeCheck = 0820;
				ORGANIZATIONNAME = valurate;
				TargetAttributes = {
					59C8D94D1E9F9A2300A20698 = {
						CreatedOnToolsVersion = 8.2.1;
						ProvisioningStyle = Automatic;
					};
					59C8D9611E9F9A2300A20698 = {
						CreatedOnToolsVersion = 8.2.1;
						ProvisioningStyle = Automatic;
						TestTargetID = 59C8D94D1E9F9A2300A20698;
					};
					59C8D96C1E9F9A2300A20698 = {
						CreatedOnToolsVersion = 8.2.1;
						ProvisioningStyle = Automatic;
						TestTargetID = 59C8D94D1E9F9A2300A20698;
					};
				};
			};
			buildConfigurationList = 59C8D9491E9F9A2300A20698 /* Build configuration list for PBXProject "mingo2" */;
			compatibilityVersion = "Xcode 3.2";
			developmentRegion = English;
			hasScannedForEncodings = 0;
			knownRegions = (
				en,
				Base,
			);
			mainGroup = 59C8D9451E9F9A2300A20698;
			productRefGroup = 59C8D94F1E9F9A2300A20698 /* Products */;
			projectDirPath = "";
			projectRoot = "";
			targets = (
				59C8D94D1E9F9A2300A20698 /* mingo2 */,
				59C8D9611E9F9A2300A20698 /* mingo2Tests */,
				59C8D96C1E9F9A2300A20698 /* mingo2UITests */,
			);
		};
/* End PBXProject section */

/* Begin PBXResourcesBuildPhase section */
		59C8D94C1E9F9A2300A20698 /* Resources */ = {
			isa = PBXResourcesBuildPhase;
			buildActionMask = 2147483647;
			files = (
				59C8D95C1E9F9A2300A20698 /* LaunchScreen.storyboard in Resources */,
				59C8D9591E9F9A2300A20698 /* Assets.xcassets in Resources */,
				59C8D9841EA0BB2800A20698 /* 36169834.jpeg in Resources */,
				59C8D9801E9F9BF600A20698 /* GoogleService-Info.plist in Resources */,
				59C8D9571E9F9A2300A20698 /* Main.storyboard in Resources */,
			);
			runOnlyForDeploymentPostprocessing = 0;
		};
		59C8D9601E9F9A2300A20698 /* Resources */ = {
			isa = PBXResourcesBuildPhase;
			buildActionMask = 2147483647;
			files = (
			);
			runOnlyForDeploymentPostprocessing = 0;
		};
		59C8D96B1E9F9A2300A20698 /* Resources */ = {
			isa = PBXResourcesBuildPhase;
			buildActionMask = 2147483647;
			files = (
			);
			runOnlyForDeploymentPostprocessing = 0;
		};
/* End PBXResourcesBuildPhase section */

/* Begin PBXShellScriptBuildPhase section */
		13698047E9F3462F480081E1 /* [CP] Check Pods Manifest.lock */ = {
			isa = PBXShellScriptBuildPhase;
			buildActionMask = 2147483647;
			files = (
			);
			inputPaths = (
			);
			name = "[CP] Check Pods Manifest.lock";
			outputPaths = (
			);
			runOnlyForDeploymentPostprocessing = 0;
			shellPath = /bin/sh;
			shellScript = "diff \"${PODS_ROOT}/../Podfile.lock\" \"${PODS_ROOT}/Manifest.lock\" > /dev/null\nif [ $? != 0 ] ; then\n    # print error to STDERR\n    echo \"error: The sandbox is not in sync with the Podfile.lock. Run 'pod install' or update your CocoaPods installation.\" >&2\n    exit 1\nfi\n";
			showEnvVarsInLog = 0;
		};
		22A4421ECC8A60544D4E8D4C /* [CP] Copy Pods Resources */ = {
			isa = PBXShellScriptBuildPhase;
			buildActionMask = 2147483647;
			files = (
			);
			inputPaths = (
			);
			name = "[CP] Copy Pods Resources";
			outputPaths = (
			);
			runOnlyForDeploymentPostprocessing = 0;
			shellPath = /bin/sh;
			shellScript = "\"${SRCROOT}/Pods/Target Support Files/Pods-mingo2/Pods-mingo2-resources.sh\"\n";
			showEnvVarsInLog = 0;
		};
		5AD601E4AD93F281978EF182 /* [CP] Embed Pods Frameworks */ = {
			isa = PBXShellScriptBuildPhase;
			buildActionMask = 2147483647;
			files = (
			);
			inputPaths = (
			);
			name = "[CP] Embed Pods Frameworks";
			outputPaths = (
			);
			runOnlyForDeploymentPostprocessing = 0;
			shellPath = /bin/sh;
			shellScript = "\"${SRCROOT}/Pods/Target Support Files/Pods-mingo2/Pods-mingo2-frameworks.sh\"\n";
			showEnvVarsInLog = 0;
		};
		5B8F942D193C1449001D9ADF /* [CP] Check Pods Manifest.lock */ = {
			isa = PBXShellScriptBuildPhase;
			buildActionMask = 2147483647;
			files = (
			);
			inputPaths = (
			);
			name = "[CP] Check Pods Manifest.lock";
			outputPaths = (
			);
			runOnlyForDeploymentPostprocessing = 0;
			shellPath = /bin/sh;
			shellScript = "diff \"${PODS_ROOT}/../Podfile.lock\" \"${PODS_ROOT}/Manifest.lock\" > /dev/null\nif [ $? != 0 ] ; then\n    # print error to STDERR\n    echo \"error: The sandbox is not in sync with the Podfile.lock. Run 'pod install' or update your CocoaPods installation.\" >&2\n    exit 1\nfi\n";
			showEnvVarsInLog = 0;
		};
		5FBF857840B98BD73AC47979 /* [CP] Embed Pods Frameworks */ = {
			isa = PBXShellScriptBuildPhase;
			buildActionMask = 2147483647;
			files = (
			);
			inputPaths = (
			);
			name = "[CP] Embed Pods Frameworks";
			outputPaths = (
			);
			runOnlyForDeploymentPostprocessing = 0;
			shellPath = /bin/sh;
			shellScript = "\"${SRCROOT}/Pods/Target Support Files/Pods-mingo2UITests/Pods-mingo2UITests-frameworks.sh\"\n";
			showEnvVarsInLog = 0;
		};
		9FF17949661270B70CF7A6E4 /* [CP] Embed Pods Frameworks */ = {
			isa = PBXShellScriptBuildPhase;
			buildActionMask = 2147483647;
			files = (
			);
			inputPaths = (
			);
			name = "[CP] Embed Pods Frameworks";
			outputPaths = (
			);
			runOnlyForDeploymentPostprocessing = 0;
			shellPath = /bin/sh;
			shellScript = "\"${SRCROOT}/Pods/Target Support Files/Pods-mingo2Tests/Pods-mingo2Tests-frameworks.sh\"\n";
			showEnvVarsInLog = 0;
		};
		A00CBE02807288E22961C8DA /* [CP] Check Pods Manifest.lock */ = {
			isa = PBXShellScriptBuildPhase;
			buildActionMask = 2147483647;
			files = (
			);
			inputPaths = (
			);
			name = "[CP] Check Pods Manifest.lock";
			outputPaths = (
			);
			runOnlyForDeploymentPostprocessing = 0;
			shellPath = /bin/sh;
			shellScript = "diff \"${PODS_ROOT}/../Podfile.lock\" \"${PODS_ROOT}/Manifest.lock\" > /dev/null\nif [ $? != 0 ] ; then\n    # print error to STDERR\n    echo \"error: The sandbox is not in sync with the Podfile.lock. Run 'pod install' or update your CocoaPods installation.\" >&2\n    exit 1\nfi\n";
			showEnvVarsInLog = 0;
		};
		C298DA7C481C9DF9DF12273B /* [CP] Copy Pods Resources */ = {
			isa = PBXShellScriptBuildPhase;
			buildActionMask = 2147483647;
			files = (
			);
			inputPaths = (
			);
			name = "[CP] Copy Pods Resources";
			outputPaths = (
			);
			runOnlyForDeploymentPostprocessing = 0;
			shellPath = /bin/sh;
			shellScript = "\"${SRCROOT}/Pods/Target Support Files/Pods-mingo2Tests/Pods-mingo2Tests-resources.sh\"\n";
			showEnvVarsInLog = 0;
		};
		D12D49FA3645301E42CFB946 /* [CP] Copy Pods Resources */ = {
			isa = PBXShellScriptBuildPhase;
			buildActionMask = 2147483647;
			files = (
			);
			inputPaths = (
			);
			name = "[CP] Copy Pods Resources";
			outputPaths = (
			);
			runOnlyForDeploymentPostprocessing = 0;
			shellPath = /bin/sh;
			shellScript = "\"${SRCROOT}/Pods/Target Support Files/Pods-mingo2UITests/Pods-mingo2UITests-resources.sh\"\n";
			showEnvVarsInLog = 0;
		};
/* End PBXShellScriptBuildPhase section */

/* Begin PBXSourcesBuildPhase section */
		59C8D94A1E9F9A2300A20698 /* Sources */ = {
			isa = PBXSourcesBuildPhase;
			buildActionMask = 2147483647;
			files = (
				59C8D9881EA0D15600A20698 /* EditViewController.swift in Sources */,
				59C8D9821E9F9DA100A20698 /* LoginViewController.swift in Sources */,
				59C8D9541E9F9A2300A20698 /* ViewController.swift in Sources */,
				59C8D98A1EA0D7DF00A20698 /* SnsViewController.swift in Sources */,
				59C8D9521E9F9A2300A20698 /* AppDelegate.swift in Sources */,
				59C8D9861EA0C8AF00A20698 /* SettingViewController.swift in Sources */,
			);
			runOnlyForDeploymentPostprocessing = 0;
		};
		59C8D95E1E9F9A2300A20698 /* Sources */ = {
			isa = PBXSourcesBuildPhase;
			buildActionMask = 2147483647;
			files = (
				59C8D9671E9F9A2300A20698 /* mingo2Tests.swift in Sources */,
			);
			runOnlyForDeploymentPostprocessing = 0;
		};
		59C8D9691E9F9A2300A20698 /* Sources */ = {
			isa = PBXSourcesBuildPhase;
			buildActionMask = 2147483647;
			files = (
				59C8D9721E9F9A2300A20698 /* mingo2UITests.swift in Sources */,
			);
			runOnlyForDeploymentPostprocessing = 0;
		};
/* End PBXSourcesBuildPhase section */

/* Begin PBXTargetDependency section */
		59C8D9641E9F9A2300A20698 /* PBXTargetDependency */ = {
			isa = PBXTargetDependency;
			target = 59C8D94D1E9F9A2300A20698 /* mingo2 */;
			targetProxy = 59C8D9631E9F9A2300A20698 /* PBXContainerItemProxy */;
		};
		59C8D96F1E9F9A2300A20698 /* PBXTargetDependency */ = {
			isa = PBXTargetDependency;
			target = 59C8D94D1E9F9A2300A20698 /* mingo2 */;
			targetProxy = 59C8D96E1E9F9A2300A20698 /* PBXContainerItemProxy */;
		};
/* End PBXTargetDependency section */

/* Begin PBXVariantGroup section */
		59C8D9551E9F9A2300A20698 /* Main.storyboard */ = {
			isa = PBXVariantGroup;
			children = (
				59C8D9561E9F9A2300A20698 /* Base */,
			);
			name = Main.storyboard;
			sourceTree = "<group>";
		};
		59C8D95A1E9F9A2300A20698 /* LaunchScreen.storyboard */ = {
			isa = PBXVariantGroup;
			children = (
				59C8D95B1E9F9A2300A20698 /* Base */,
			);
			name = LaunchScreen.storyboard;
			sourceTree = "<group>";
		};
/* End PBXVariantGroup section */

/* Begin XCBuildConfiguration section */
		59C8D9741E9F9A2300A20698 /* Debug */ = {
			isa = XCBuildConfiguration;
			buildSettings = {
				ALWAYS_SEARCH_USER_PATHS = NO;
				CLANG_ANALYZER_NONNULL = YES;
				CLANG_CXX_LANGUAGE_STANDARD = "gnu++0x";
				CLANG_CXX_LIBRARY = "libc++";
				CLANG_ENABLE_MODULES = YES;
				CLANG_ENABLE_OBJC_ARC = YES;
				CLANG_WARN_BOOL_CONVERSION = YES;
				CLANG_WARN_CONSTANT_CONVERSION = YES;
				CLANG_WARN_DIRECT_OBJC_ISA_USAGE = YES_ERROR;
				CLANG_WARN_DOCUMENTATION_COMMENTS = YES;
				CLANG_WARN_EMPTY_BODY = YES;
				CLANG_WARN_ENUM_CONVERSION = YES;
				CLANG_WARN_INFINITE_RECURSION = YES;
				CLANG_WARN_INT_CONVERSION = YES;
				CLANG_WARN_OBJC_ROOT_CLASS = YES_ERROR;
				CLANG_WARN_SUSPICIOUS_MOVE = YES;
				CLANG_WARN_UNREACHABLE_CODE = YES;
				CLANG_WARN__DUPLICATE_METHOD_MATCH = YES;
				"CODE_SIGN_IDENTITY[sdk=iphoneos*]" = "iPhone Developer";
				COPY_PHASE_STRIP = NO;
				DEBUG_INFORMATION_FORMAT = dwarf;
				ENABLE_STRICT_OBJC_MSGSEND = YES;
				ENABLE_TESTABILITY = YES;
				GCC_C_LANGUAGE_STANDARD = gnu99;
				GCC_DYNAMIC_NO_PIC = NO;
				GCC_NO_COMMON_BLOCKS = YES;
				GCC_OPTIMIZATION_LEVEL = 0;
				GCC_PREPROCESSOR_DEFINITIONS = (
					"DEBUG=1",
					"$(inherited)",
				);
				GCC_WARN_64_TO_32_BIT_CONVERSION = YES;
				GCC_WARN_ABOUT_RETURN_TYPE = YES_ERROR;
				GCC_WARN_UNDECLARED_SELECTOR = YES;
				GCC_WARN_UNINITIALIZED_AUTOS = YES_AGGRESSIVE;
				GCC_WARN_UNUSED_FUNCTION = YES;
				GCC_WARN_UNUSED_VARIABLE = YES;
				IPHONEOS_DEPLOYMENT_TARGET = 10.2;
				MTL_ENABLE_DEBUG_INFO = YES;
				ONLY_ACTIVE_ARCH = YES;
				SDKROOT = iphoneos;
				SWIFT_ACTIVE_COMPILATION_CONDITIONS = DEBUG;
				SWIFT_OPTIMIZATION_LEVEL = "-Onone";
			};
			name = Debug;
		};
		59C8D9751E9F9A2300A20698 /* Release */ = {
			isa = XCBuildConfiguration;
			buildSettings = {
				ALWAYS_SEARCH_USER_PATHS = NO;
				CLANG_ANALYZER_NONNULL = YES;
				CLANG_CXX_LANGUAGE_STANDARD = "gnu++0x";
				CLANG_CXX_LIBRARY = "libc++";
				CLANG_ENABLE_MODULES = YES;
				CLANG_ENABLE_OBJC_ARC = YES;
				CLANG_WARN_BOOL_CONVERSION = YES;
				CLANG_WARN_CONSTANT_CONVERSION = YES;
				CLANG_WARN_DIRECT_OBJC_ISA_USAGE = YES_ERROR;
				CLANG_WARN_DOCUMENTATION_COMMENTS = YES;
				CLANG_WARN_EMPTY_BODY = YES;
				CLANG_WARN_ENUM_CONVERSION = YES;
				CLANG_WARN_INFINITE_RECURSION = YES;
				CLANG_WARN_INT_CONVERSION = YES;
				CLANG_WARN_OBJC_ROOT_CLASS = YES_ERROR;
				CLANG_WARN_SUSPICIOUS_MOVE = YES;
				CLANG_WARN_UNREACHABLE_CODE = YES;
				CLANG_WARN__DUPLICATE_METHOD_MATCH = YES;
				"CODE_SIGN_IDENTITY[sdk=iphoneos*]" = "iPhone Developer";
				COPY_PHASE_STRIP = NO;
				DEBUG_INFORMATION_FORMAT = "dwarf-with-dsym";
				ENABLE_NS_ASSERTIONS = NO;
				ENABLE_STRICT_OBJC_MSGSEND = YES;
				GCC_C_LANGUAGE_STANDARD = gnu99;
				GCC_NO_COMMON_BLOCKS = YES;
				GCC_WARN_64_TO_32_BIT_CONVERSION = YES;
				GCC_WARN_ABOUT_RETURN_TYPE = YES_ERROR;
				GCC_WARN_UNDECLARED_SELECTOR = YES;
				GCC_WARN_UNINITIALIZED_AUTOS = YES_AGGRESSIVE;
				GCC_WARN_UNUSED_FUNCTION = YES;
				GCC_WARN_UNUSED_VARIABLE = YES;
				IPHONEOS_DEPLOYMENT_TARGET = 10.2;
				MTL_ENABLE_DEBUG_INFO = NO;
				SDKROOT = iphoneos;
				SWIFT_OPTIMIZATION_LEVEL = "-Owholemodule";
				VALIDATE_PRODUCT = YES;
			};
			name = Release;
		};
		59C8D9771E9F9A2300A20698 /* Debug */ = {
			isa = XCBuildConfiguration;
			baseConfigurationReference = A24DE53B021D6580793E7B99 /* Pods-mingo2.debug.xcconfig */;
			buildSettings = {
				ASSETCATALOG_COMPILER_APPICON_NAME = AppIcon;
				"CODE_SIGN_IDENTITY[sdk=iphoneos*]" = "iPhone Developer";
				DEVELOPMENT_TEAM = "";
				INFOPLIST_FILE = mingo2/Info.plist;
				LD_RUNPATH_SEARCH_PATHS = "$(inherited) @executable_path/Frameworks";
				PRODUCT_BUNDLE_IDENTIFIER = com.valurate.mingo2;
				PRODUCT_NAME = "$(TARGET_NAME)";
				SWIFT_VERSION = 3.0;
			};
			name = Debug;
		};
		59C8D9781E9F9A2300A20698 /* Release */ = {
			isa = XCBuildConfiguration;
			baseConfigurationReference = 78EAD63D5985C04E1238F97A /* Pods-mingo2.release.xcconfig */;
			buildSettings = {
				ASSETCATALOG_COMPILER_APPICON_NAME = AppIcon;
				"CODE_SIGN_IDENTITY[sdk=iphoneos*]" = "iPhone Developer";
				DEVELOPMENT_TEAM = "";
				INFOPLIST_FILE = mingo2/Info.plist;
				LD_RUNPATH_SEARCH_PATHS = "$(inherited) @executable_path/Frameworks";
				PRODUCT_BUNDLE_IDENTIFIER = com.valurate.mingo2;
				PRODUCT_NAME = "$(TARGET_NAME)";
				SWIFT_VERSION = 3.0;
			};
			name = Release;
		};
		59C8D97A1E9F9A2300A20698 /* Debug */ = {
			isa = XCBuildConfiguration;
			baseConfigurationReference = A2668F5C62AE8C070520C070 /* Pods-mingo2Tests.debug.xcconfig */;
			buildSettings = {
				ALWAYS_EMBED_SWIFT_STANDARD_LIBRARIES = YES;
				BUNDLE_LOADER = "$(TEST_HOST)";
				INFOPLIST_FILE = mingo2Tests/Info.plist;
				LD_RUNPATH_SEARCH_PATHS = "$(inherited) @executable_path/Frameworks @loader_path/Frameworks";
				PRODUCT_BUNDLE_IDENTIFIER = com.valurate.mingo2Tests;
				PRODUCT_NAME = "$(TARGET_NAME)";
				SWIFT_VERSION = 3.0;
				TEST_HOST = "$(BUILT_PRODUCTS_DIR)/mingo2.app/mingo2";
			};
			name = Debug;
		};
		59C8D97B1E9F9A2300A20698 /* Release */ = {
			isa = XCBuildConfiguration;
			baseConfigurationReference = 34680BE7DDDCC0D56EFBDBAD /* Pods-mingo2Tests.release.xcconfig */;
			buildSettings = {
				ALWAYS_EMBED_SWIFT_STANDARD_LIBRARIES = YES;
				BUNDLE_LOADER = "$(TEST_HOST)";
				INFOPLIST_FILE = mingo2Tests/Info.plist;
				LD_RUNPATH_SEARCH_PATHS = "$(inherited) @executable_path/Frameworks @loader_path/Frameworks";
				PRODUCT_BUNDLE_IDENTIFIER = com.valurate.mingo2Tests;
				PRODUCT_NAME = "$(TARGET_NAME)";
				SWIFT_VERSION = 3.0;
				TEST_HOST = "$(BUILT_PRODUCTS_DIR)/mingo2.app/mingo2";
			};
			name = Release;
		};
		59C8D97D1E9F9A2300A20698 /* Debug */ = {
			isa = XCBuildConfiguration;
			baseConfigurationReference = 4DBCD1B76FCF66F85AD72169 /* Pods-mingo2UITests.debug.xcconfig */;
			buildSettings = {
				ALWAYS_EMBED_SWIFT_STANDARD_LIBRARIES = YES;
				INFOPLIST_FILE = mingo2UITests/Info.plist;
				LD_RUNPATH_SEARCH_PATHS = "$(inherited) @executable_path/Frameworks @loader_path/Frameworks";
				PRODUCT_BUNDLE_IDENTIFIER = com.valurate.mingo2UITests;
				PRODUCT_NAME = "$(TARGET_NAME)";
				SWIFT_VERSION = 3.0;
				TEST_TARGET_NAME = mingo2;
			};
			name = Debug;
		};
		59C8D97E1E9F9A2300A20698 /* Release */ = {
			isa = XCBuildConfiguration;
			baseConfigurationReference = BD2127FAE5B8AD2F42379322 /* Pods-mingo2UITests.release.xcconfig */;
			buildSettings = {
				ALWAYS_EMBED_SWIFT_STANDARD_LIBRARIES = YES;
				INFOPLIST_FILE = mingo2UITests/Info.plist;
				LD_RUNPATH_SEARCH_PATHS = "$(inherited) @executable_path/Frameworks @loader_path/Frameworks";
				PRODUCT_BUNDLE_IDENTIFIER = com.valurate.mingo2UITests;
				PRODUCT_NAME = "$(TARGET_NAME)";
				SWIFT_VERSION = 3.0;
				TEST_TARGET_NAME = mingo2;
			};
			name = Release;
		};
/* End XCBuildConfiguration section */

/* Begin XCConfigurationList section */
		59C8D9491E9F9A2300A20698 /* Build configuration list for PBXProject "mingo2" */ = {
			isa = XCConfigurationList;
			buildConfigurations = (
				59C8D9741E9F9A2300A20698 /* Debug */,
				59C8D9751E9F9A2300A20698 /* Release */,
			);
			defaultConfigurationIsVisible = 0;
			defaultConfigurationName = Release;
		};
		59C8D9761E9F9A2300A20698 /* Build configuration list for PBXNativeTarget "mingo2" */ = {
			isa = XCConfigurationList;
			buildConfigurations = (
				59C8D9771E9F9A2300A20698 /* Debug */,
				59C8D9781E9F9A2300A20698 /* Release */,
			);
			defaultConfigurationIsVisible = 0;
			defaultConfigurationName = Release;
		};
		59C8D9791E9F9A2300A20698 /* Build configuration list for PBXNativeTarget "mingo2Tests" */ = {
			isa = XCConfigurationList;
			buildConfigurations = (
				59C8D97A1E9F9A2300A20698 /* Debug */,
				59C8D97B1E9F9A2300A20698 /* Release */,
			);
			defaultConfigurationIsVisible = 0;
			defaultConfigurationName = Release;
		};
		59C8D97C1E9F9A2300A20698 /* Build configuration list for PBXNativeTarget "mingo2UITests" */ = {
			isa = XCConfigurationList;
			buildConfigurations = (
				59C8D97D1E9F9A2300A20698 /* Debug */,
				59C8D97E1E9F9A2300A20698 /* Release */,
			);
			defaultConfigurationIsVisible = 0;
			defaultConfigurationName = Release;
		};
/* End XCConfigurationList section */
	};
	rootObject = 59C8D9461E9F9A2300A20698 /* Project object */;
}
